
Microsoft Visual Studio Solution File, Format Version 12.00
# Visual Studio Version 17
VisualStudioVersion = 17.13.35828.75 d17.13
MinimumVisualStudioVersion = 10.0.40219.1
Project("{FAE04EC0-301F-11D3-BF4B-00C04F79EFBC}") = "Brainova.PL", "..\Brainova.PL.csproj", "{819DC76B-B112-A3AD-C310-286CEDE6266B}"
EndProject
Project("{FAE04EC0-301F-11D3-BF4B-00C04F79EFBC}") = "Brainova.DAL", "..\..\Brainova.DAL\Brainova.DAL.csproj", "{5F1A376A-0510-ABA7-E7FB-FD9D2A8A0AAE}"
EndProject
Project("{FAE04EC0-301F-11D3-BF4B-00C04F79EFBC}") = "Brainova.BLL", "..\..\Brainova.BLL\Brainova.BLL.csproj", "{58C38BEC-2C16-7F6F-3F05-7732D67471C8}"
EndProject
Global
	GlobalSection(SolutionConfigurationPlatforms) = preSolution
		Debug|Any CPU = Debug|Any CPU
		Release|Any CPU = Release|Any CPU
	EndGlobalSection
	GlobalSection(ProjectConfigurationPlatforms) = postSolution
		{819DC76B-B112-A3AD-C310-286CEDE6266B}.Debug|Any CPU.ActiveCfg = Debug|Any CPU
		{819DC76B-B112-A3AD-C310-286CEDE6266B}.Debug|Any CPU.Build.0 = Debug|Any CPU
		{819DC76B-B112-A3AD-C310-286CEDE6266B}.Release|Any CPU.ActiveCfg = Release|Any CPU
		{819DC76B-B112-A3AD-C310-286CEDE6266B}.Release|Any CPU.Build.0 = Release|Any CPU
		{5F1A376A-0510-ABA7-E7FB-FD9D2A8A0AAE}.Debug|Any CPU.ActiveCfg = Debug|Any CPU
		{5F1A376A-0510-ABA7-E7FB-FD9D2A8A0AAE}.Debug|Any CPU.Build.0 = Debug|Any CPU
		{5F1A376A-0510-ABA7-E7FB-FD9D2A8A0AAE}.Release|Any CPU.ActiveCfg = Release|Any CPU
		{5F1A376A-0510-ABA7-E7FB-FD9D2A8A0AAE}.Release|Any CPU.Build.0 = Release|Any CPU
		{58C38BEC-2C16-7F6F-3F05-7732D67471C8}.Debug|Any CPU.ActiveCfg = Debug|Any CPU
		{58C38BEC-2C16-7F6F-3F05-7732D67471C8}.Debug|Any CPU.Build.0 = Debug|Any CPU
		{58C38BEC-2C16-7F6F-3F05-7732D67471C8}.Release|Any CPU.ActiveCfg = Release|Any CPU
		{58C38BEC-2C16-7F6F-3F05-7732D67471C8}.Release|Any CPU.Build.0 = Release|Any CPU
	EndGlobalSection
	GlobalSection(SolutionProperties) = preSolution
		HideSolutionNode = FALSE
	EndGlobalSection
	GlobalSection(ExtensibilityGlobals) = postSolution
		SolutionGuid = {8434B474-A125-43B9-B27B-5BFE67A29400}
	EndGlobalSection
EndGlobal
